// !$*UTF8*$!
{
	archiveVersion = 1;
	classes = {
	};
	objectVersion = 50;
	objects = {

/* Begin PBXBuildFile section */
		558E867820D07A03005670E8 /* AppDelegate.swift in Sources */ = {isa = PBXBuildFile; fileRef = 558E867720D07A03005670E8 /* AppDelegate.swift */; };
		558E867A20D07A03005670E8 /* ViewController.swift in Sources */ = {isa = PBXBuildFile; fileRef = 558E867920D07A03005670E8 /* ViewController.swift */; };
		558E867D20D07A03005670E8 /* Main.storyboard in Resources */ = {isa = PBXBuildFile; fileRef = 558E867B20D07A03005670E8 /* Main.storyboard */; };
		558E867F20D07A0A005670E8 /* Assets.xcassets in Resources */ = {isa = PBXBuildFile; fileRef = 558E867E20D07A0A005670E8 /* Assets.xcassets */; };
		558E868220D07A0A005670E8 /* LaunchScreen.storyboard in Resources */ = {isa = PBXBuildFile; fileRef = 558E868020D07A0A005670E8 /* LaunchScreen.storyboard */; };
		558E869020D07ABC005670E8 /* KeyboardViewController.swift in Sources */ = {isa = PBXBuildFile; fileRef = 558E868F20D07ABC005670E8 /* KeyboardViewController.swift */; };
		558E869420D07ABC005670E8 /* ZeroDefectsKeyboard.appex in Embed App Extensions */ = {isa = PBXBuildFile; fileRef = 558E868D20D07ABC005670E8 /* ZeroDefectsKeyboard.appex */; settings = {ATTRIBUTES = (RemoveHeadersOnCopy, ); }; };
/* End PBXBuildFile section */

/* Begin PBXContainerItemProxy section */
		558E869220D07ABC005670E8 /* PBXContainerItemProxy */ = {
			isa = PBXContainerItemProxy;
			containerPortal = 558E866C20D07A03005670E8 /* Project object */;
			proxyType = 1;
			remoteGlobalIDString = 558E868C20D07ABC005670E8;
			remoteInfo = ZeroDefectsKeyboard;
		};
/* End PBXContainerItemProxy section */

/* Begin PBXCopyFilesBuildPhase section */
		558E869820D07ABC005670E8 /* Embed App Extensions */ = {
			isa = PBXCopyFilesBuildPhase;
			buildActionMask = 2147483647;
			dstPath = "";
			dstSubfolderSpec = 13;
			files = (
				558E869420D07ABC005670E8 /* ZeroDefectsKeyboard.appex in Embed App Extensions */,
			);
			name = "Embed App Extensions";
			runOnlyForDeploymentPostprocessing = 0;
		};
/* End PBXCopyFilesBuildPhase section */

/* Begin PBXFileReference section */
		558E867420D07A03005670E8 /* PfizerCustomKeyboard.app */ = {isa = PBXFileReference; explicitFileType = wrapper.application; includeInIndex = 0; path = PfizerCustomKeyboard.app; sourceTree = BUILT_PRODUCTS_DIR; };
		558E867720D07A03005670E8 /* AppDelegate.swift */ = {isa = PBXFileReference; lastKnownFileType = sourcecode.swift; path = AppDelegate.swift; sourceTree = "<group>"; };
		558E867920D07A03005670E8 /* ViewController.swift */ = {isa = PBXFileReference; lastKnownFileType = sourcecode.swift; path = ViewController.swift; sourceTree = "<group>"; };
		558E867C20D07A03005670E8 /* Base */ = {isa = PBXFileReference; lastKnownFileType = file.storyboard; name = Base; path = Base.lproj/Main.storyboard; sourceTree = "<group>"; };
		558E867E20D07A0A005670E8 /* Assets.xcassets */ = {isa = PBXFileReference; lastKnownFileType = folder.assetcatalog; path = Assets.xcassets; sourceTree = "<group>"; };
		558E868120D07A0A005670E8 /* Base */ = {isa = PBXFileReference; lastKnownFileType = file.storyboard; name = Base; path = Base.lproj/LaunchScreen.storyboard; sourceTree = "<group>"; };
		558E868320D07A0A005670E8 /* Info.plist */ = {isa = PBXFileReference; lastKnownFileType = text.plist.xml; path = Info.plist; sourceTree = "<group>"; };
		558E868D20D07ABC005670E8 /* ZeroDefectsKeyboard.appex */ = {isa = PBXFileReference; explicitFileType = "wrapper.app-extension"; includeInIndex = 0; path = ZeroDefectsKeyboard.appex; sourceTree = BUILT_PRODUCTS_DIR; };
		558E868F20D07ABC005670E8 /* KeyboardViewController.swift */ = {isa = PBXFileReference; lastKnownFileType = sourcecode.swift; path = KeyboardViewController.swift; sourceTree = "<group>"; };
		558E869120D07ABC005670E8 /* Info.plist */ = {isa = PBXFileReference; lastKnownFileType = text.plist.xml; path = Info.plist; sourceTree = "<group>"; };
/* End PBXFileReference section */

/* Begin PBXFrameworksBuildPhase section */
		558E867120D07A03005670E8 /* Frameworks */ = {
			isa = PBXFrameworksBuildPhase;
			buildActionMask = 2147483647;
			files = (
			);
			runOnlyForDeploymentPostprocessing = 0;
		};
		558E868A20D07ABC005670E8 /* Frameworks */ = {
			isa = PBXFrameworksBuildPhase;
			buildActionMask = 2147483647;
			files = (
			);
			runOnlyForDeploymentPostprocessing = 0;
		};
/* End PBXFrameworksBuildPhase section */

/* Begin PBXGroup section */
		558E866B20D07A03005670E8 = {
			isa = PBXGroup;
			children = (
				558E867620D07A03005670E8 /* PfizerCustomKeyboard */,
				558E868E20D07ABC005670E8 /* ZeroDefectsKeyboard */,
				558E867520D07A03005670E8 /* Products */,
			);
			sourceTree = "<group>";
		};
		558E867520D07A03005670E8 /* Products */ = {
			isa = PBXGroup;
			children = (
				558E867420D07A03005670E8 /* PfizerCustomKeyboard.app */,
				558E868D20D07ABC005670E8 /* ZeroDefectsKeyboard.appex */,
			);
			name = Products;
			sourceTree = "<group>";
		};
		558E867620D07A03005670E8 /* PfizerCustomKeyboard */ = {
			isa = PBXGroup;
			children = (
				558E867720D07A03005670E8 /* AppDelegate.swift */,
				558E867920D07A03005670E8 /* ViewController.swift */,
				558E867B20D07A03005670E8 /* Main.storyboard */,
				558E867E20D07A0A005670E8 /* Assets.xcassets */,
				558E868020D07A0A005670E8 /* LaunchScreen.storyboard */,
				558E868320D07A0A005670E8 /* Info.plist */,
			);
			path = PfizerCustomKeyboard;
			sourceTree = "<group>";
		};
		558E868E20D07ABC005670E8 /* ZeroDefectsKeyboard */ = {
			isa = PBXGroup;
			children = (
				558E868F20D07ABC005670E8 /* KeyboardViewController.swift */,
				558E869120D07ABC005670E8 /* Info.plist */,
			);
			path = ZeroDefectsKeyboard;
			sourceTree = "<group>";
		};
/* End PBXGroup section */

/* Begin PBXNativeTarget section */
		558E867320D07A03005670E8 /* PfizerCustomKeyboard */ = {
			isa = PBXNativeTarget;
			buildConfigurationList = 558E868620D07A0A005670E8 /* Build configuration list for PBXNativeTarget "PfizerCustomKeyboard" */;
			buildPhases = (
				558E867020D07A03005670E8 /* Sources */,
				558E867120D07A03005670E8 /* Frameworks */,
				558E867220D07A03005670E8 /* Resources */,
				558E869820D07ABC005670E8 /* Embed App Extensions */,
			);
			buildRules = (
			);
			dependencies = (
				558E869320D07ABC005670E8 /* PBXTargetDependency */,
			);
			name = PfizerCustomKeyboard;
			productName = PfizerCustomKeyboard;
			productReference = 558E867420D07A03005670E8 /* PfizerCustomKeyboard.app */;
			productType = "com.apple.product-type.application";
		};
		558E868C20D07ABC005670E8 /* ZeroDefectsKeyboard */ = {
			isa = PBXNativeTarget;
			buildConfigurationList = 558E869520D07ABC005670E8 /* Build configuration list for PBXNativeTarget "ZeroDefectsKeyboard" */;
			buildPhases = (
				558E868920D07ABC005670E8 /* Sources */,
				558E868A20D07ABC005670E8 /* Frameworks */,
				558E868B20D07ABC005670E8 /* Resources */,
			);
			buildRules = (
			);
			dependencies = (
			);
			name = ZeroDefectsKeyboard;
			productName = ZeroDefectsKeyboard;
			productReference = 558E868D20D07ABC005670E8 /* ZeroDefectsKeyboard.appex */;
			productType = "com.apple.product-type.app-extension";
		};
/* End PBXNativeTarget section */

/* Begin PBXProject section */
		558E866C20D07A03005670E8 /* Project object */ = {
			isa = PBXProject;
			attributes = {
				LastSwiftUpdateCheck = 0940;
				LastUpgradeCheck = 0940;
				ORGANIZATIONNAME = Pfizer;
				TargetAttributes = {
					558E867320D07A03005670E8 = {
						CreatedOnToolsVersion = 9.4;
					};
					558E868C20D07ABC005670E8 = {
						CreatedOnToolsVersion = 9.4;
					};
				};
			};
			buildConfigurationList = 558E866F20D07A03005670E8 /* Build configuration list for PBXProject "PfizerCustomKeyboard" */;
			compatibilityVersion = "Xcode 9.3";
			developmentRegion = en;
			hasScannedForEncodings = 0;
			knownRegions = (
				en,
				Base,
			);
			mainGroup = 558E866B20D07A03005670E8;
			productRefGroup = 558E867520D07A03005670E8 /* Products */;
			projectDirPath = "";
			projectRoot = "";
			targets = (
				558E867320D07A03005670E8 /* PfizerCustomKeyboard */,
				558E868C20D07ABC005670E8 /* ZeroDefectsKeyboard */,
			);
		};
/* End PBXProject section */

/* Begin PBXResourcesBuildPhase section */
		558E867220D07A03005670E8 /* Resources */ = {
			isa = PBXResourcesBuildPhase;
			buildActionMask = 2147483647;
			files = (
				558E868220D07A0A005670E8 /* LaunchScreen.storyboard in Resources */,
				558E867F20D07A0A005670E8 /* Assets.xcassets in Resources */,
				558E867D20D07A03005670E8 /* Main.storyboard in Resources */,
			);
			runOnlyForDeploymentPostprocessing = 0;
		};
		558E868B20D07ABC005670E8 /* Resources */ = {
			isa = PBXResourcesBuildPhase;
			buildActionMask = 2147483647;
			files = (
			);
			runOnlyForDeploymentPostprocessing = 0;
		};
/* End PBXResourcesBuildPhase section */

/* Begin PBXSourcesBuildPhase section */
		558E867020D07A03005670E8 /* Sources */ = {
			isa = PBXSourcesBuildPhase;
			buildActionMask = 2147483647;
			files = (
				558E867A20D07A03005670E8 /* ViewController.swift in Sources */,
				558E867820D07A03005670E8 /* AppDelegate.swift in Sources */,
			);
			runOnlyForDeploymentPostprocessing = 0;
		};
		558E868920D07ABC005670E8 /* Sources */ = {
			isa = PBXSourcesBuildPhase;
			buildActionMask = 2147483647;
			files = (
				558E869020D07ABC005670E8 /* KeyboardViewController.swift in Sources */,
			);
			runOnlyForDeploymentPostprocessing = 0;
		};
/* End PBXSourcesBuildPhase section */

/* Begin PBXTargetDependency section */
		558E869320D07ABC005670E8 /* PBXTargetDependency */ = {
			isa = PBXTargetDependency;
			target = 558E868C20D07ABC005670E8 /* ZeroDefectsKeyboard */;
			targetProxy = 558E869220D07ABC005670E8 /* PBXContainerItemProxy */;
		};
/* End PBXTargetDependency section */

/* Begin PBXVariantGroup section */
		558E867B20D07A03005670E8 /* Main.storyboard */ = {
			isa = PBXVariantGroup;
			children = (
				558E867C20D07A03005670E8 /* Base */,
			);
			name = Main.storyboard;
			sourceTree = "<group>";
		};
		558E868020D07A0A005670E8 /* LaunchScreen.storyboard */ = {
			isa = PBXVariantGroup;
			children = (
				558E868120D07A0A005670E8 /* Base */,
			);
			name = LaunchScreen.storyboard;
			sourceTree = "<group>";
		};
/* End PBXVariantGroup section */

/* Begin XCBuildConfiguration section */
		558E868420D07A0A005670E8 /* Debug */ = {
			isa = XCBuildConfiguration;
			buildSettings = {
				ALWAYS_SEARCH_USER_PATHS = NO;
				CLANG_ANALYZER_NONNULL = YES;
				CLANG_ANALYZER_NUMBER_OBJECT_CONVERSION = YES_AGGRESSIVE;
				CLANG_CXX_LANGUAGE_STANDARD = "gnu++14";
				CLANG_CXX_LIBRARY = "libc++";
				CLANG_ENABLE_MODULES = YES;
				CLANG_ENABLE_OBJC_ARC = YES;
				CLANG_ENABLE_OBJC_WEAK = YES;
				CLANG_WARN_BLOCK_CAPTURE_AUTORELEASING = YES;
				CLANG_WARN_BOOL_CONVERSION = YES;
				CLANG_WARN_COMMA = YES;
				CLANG_WARN_CONSTANT_CONVERSION = YES;
				CLANG_WARN_DEPRECATED_OBJC_IMPLEMENTATIONS = YES;
				CLANG_WARN_DIRECT_OBJC_ISA_USAGE = YES_ERROR;
				CLANG_WARN_DOCUMENTATION_COMMENTS = YES;
				CLANG_WARN_EMPTY_BODY = YES;
				CLANG_WARN_ENUM_CONVERSION = YES;
				CLANG_WARN_INFINITE_RECURSION = YES;
				CLANG_WARN_INT_CONVERSION = YES;
				CLANG_WARN_NON_LITERAL_NULL_CONVERSION = YES;
				CLANG_WARN_OBJC_IMPLICIT_RETAIN_SELF = YES;
				CLANG_WARN_OBJC_LITERAL_CONVERSION = YES;
				CLANG_WARN_OBJC_ROOT_CLASS = YES_ERROR;
				CLANG_WARN_RANGE_LOOP_ANALYSIS = YES;
				CLANG_WARN_STRICT_PROTOTYPES = YES;
				CLANG_WARN_SUSPICIOUS_MOVE = YES;
				CLANG_WARN_UNGUARDED_AVAILABILITY = YES_AGGRESSIVE;
				CLANG_WARN_UNREACHABLE_CODE = YES;
				CLANG_WARN__DUPLICATE_METHOD_MATCH = YES;
				CODE_SIGN_IDENTITY = "iPhone Developer";
				COPY_PHASE_STRIP = NO;
				DEBUG_INFORMATION_FORMAT = dwarf;
				ENABLE_STRICT_OBJC_MSGSEND = YES;
				ENABLE_TESTABILITY = YES;
				GCC_C_LANGUAGE_STANDARD = gnu11;
				GCC_DYNAMIC_NO_PIC = NO;
				GCC_NO_COMMON_BLOCKS = YES;
				GCC_OPTIMIZATION_LEVEL = 0;
				GCC_PREPROCESSOR_DEFINITIONS = (
					"DEBUG=1",
					"$(inherited)",
				);
				GCC_WARN_64_TO_32_BIT_CONVERSION = YES;
				GCC_WARN_ABOUT_RETURN_TYPE = YES_ERROR;
				GCC_WARN_UNDECLARED_SELECTOR = YES;
				GCC_WARN_UNINITIALIZED_AUTOS = YES_AGGRESSIVE;
				GCC_WARN_UNUSED_FUNCTION = YES;
				GCC_WARN_UNUSED_VARIABLE = YES;
				IPHONEOS_DEPLOYMENT_TARGET = 11.4;
				MTL_ENABLE_DEBUG_INFO = YES;
				ONLY_ACTIVE_ARCH = YES;
				SDKROOT = iphoneos;
				SWIFT_ACTIVE_COMPILATION_CONDITIONS = DEBUG;
				SWIFT_OPTIMIZATION_LEVEL = "-Onone";
			};
			name = Debug;
		};
		558E868520D07A0A005670E8 /* Release */ = {
			isa = XCBuildConfiguration;
			buildSettings = {
				ALWAYS_SEARCH_USER_PATHS = NO;
				CLANG_ANALYZER_NONNULL = YES;
				CLANG_ANALYZER_NUMBER_OBJECT_CONVERSION = YES_AGGRESSIVE;
				CLANG_CXX_LANGUAGE_STANDARD = "gnu++14";
				CLANG_CXX_LIBRARY = "libc++";
				CLANG_ENABLE_MODULES = YES;
				CLANG_ENABLE_OBJC_ARC = YES;
				CLANG_ENABLE_OBJC_WEAK = YES;
				CLANG_WARN_BLOCK_CAPTURE_AUTORELEASING = YES;
				CLANG_WARN_BOOL_CONVERSION = YES;
				CLANG_WARN_COMMA = YES;
				CLANG_WARN_CONSTANT_CONVERSION = YES;
				CLANG_WARN_DEPRECATED_OBJC_IMPLEMENTATIONS = YES;
				CLANG_WARN_DIRECT_OBJC_ISA_USAGE = YES_ERROR;
				CLANG_WARN_DOCUMENTATION_COMMENTS = YES;
				CLANG_WARN_EMPTY_BODY = YES;
				CLANG_WARN_ENUM_CONVERSION = YES;
				CLANG_WARN_INFINITE_RECURSION = YES;
				CLANG_WARN_INT_CONVERSION = YES;
				CLANG_WARN_NON_LITERAL_NULL_CONVERSION = YES;
				CLANG_WARN_OBJC_IMPLICIT_RETAIN_SELF = YES;
				CLANG_WARN_OBJC_LITERAL_CONVERSION = YES;
				CLANG_WARN_OBJC_ROOT_CLASS = YES_ERROR;
				CLANG_WARN_RANGE_LOOP_ANALYSIS = YES;
				CLANG_WARN_STRICT_PROTOTYPES = YES;
				CLANG_WARN_SUSPICIOUS_MOVE = YES;
				CLANG_WARN_UNGUARDED_AVAILABILITY = YES_AGGRESSIVE;
				CLANG_WARN_UNREACHABLE_CODE = YES;
				CLANG_WARN__DUPLICATE_METHOD_MATCH = YES;
				CODE_SIGN_IDENTITY = "iPhone Developer";
				COPY_PHASE_STRIP = NO;
				DEBUG_INFORMATION_FORMAT = "dwarf-with-dsym";
				ENABLE_NS_ASSERTIONS = NO;
				ENABLE_STRICT_OBJC_MSGSEND = YES;
				GCC_C_LANGUAGE_STANDARD = gnu11;
				GCC_NO_COMMON_BLOCKS = YES;
				GCC_WARN_64_TO_32_BIT_CONVERSION = YES;
				GCC_WARN_ABOUT_RETURN_TYPE = YES_ERROR;
				GCC_WARN_UNDECLARED_SELECTOR = YES;
				GCC_WARN_UNINITIALIZED_AUTOS = YES_AGGRESSIVE;
				GCC_WARN_UNUSED_FUNCTION = YES;
				GCC_WARN_UNUSED_VARIABLE = YES;
				IPHONEOS_DEPLOYMENT_TARGET = 11.4;
				MTL_ENABLE_DEBUG_INFO = NO;
				SDKROOT = iphoneos;
				SWIFT_COMPILATION_MODE = wholemodule;
				SWIFT_OPTIMIZATION_LEVEL = "-O";
				VALIDATE_PRODUCT = YES;
			};
			name = Release;
		};
		558E868720D07A0A005670E8 /* Debug */ = {
			isa = XCBuildConfiguration;
			buildSettings = {
				ALWAYS_EMBED_SWIFT_STANDARD_LIBRARIES = YES;
				ASSETCATALOG_COMPILER_APPICON_NAME = AppIcon;
				CODE_SIGN_STYLE = Automatic;
				DEVELOPMENT_TEAM = 287TS9B2H2;
				INFOPLIST_FILE = PfizerCustomKeyboard/Info.plist;
				LD_RUNPATH_SEARCH_PATHS = (
					"$(inherited)",
					"@executable_path/Frameworks",
				);
				PRODUCT_BUNDLE_IDENTIFIER = com.pfizer.PfizerCustomKeyboard;
				PRODUCT_NAME = "$(TARGET_NAME)";
				SWIFT_VERSION = 4.0;
				TARGETED_DEVICE_FAMILY = "1,2";
			};
			name = Debug;
		};
		558E868820D07A0A005670E8 /* Release */ = {
			isa = XCBuildConfiguration;
			buildSettings = {
				ALWAYS_EMBED_SWIFT_STANDARD_LIBRARIES = YES;
				ASSETCATALOG_COMPILER_APPICON_NAME = AppIcon;
				CODE_SIGN_STYLE = Automatic;
				DEVELOPMENT_TEAM = 287TS9B2H2;
				INFOPLIST_FILE = PfizerCustomKeyboard/Info.plist;
				LD_RUNPATH_SEARCH_PATHS = (
					"$(inherited)",
					"@executable_path/Frameworks",
				);
				PRODUCT_BUNDLE_IDENTIFIER = com.pfizer.PfizerCustomKeyboard;
				PRODUCT_NAME = "$(TARGET_NAME)";
				SWIFT_VERSION = 4.0;
				TARGETED_DEVICE_FAMILY = "1,2";
			};
			name = Release;
		};
		558E869620D07ABC005670E8 /* Debug */ = {
			isa = XCBuildConfiguration;
			buildSettings = {
				CODE_SIGN_STYLE = Automatic;
				DEVELOPMENT_TEAM = 287TS9B2H2;
				INFOPLIST_FILE = ZeroDefectsKeyboard/Info.plist;
				LD_RUNPATH_SEARCH_PATHS = (
					"$(inherited)",
					"@executable_path/Frameworks",
					"@executable_path/../../Frameworks",
				);
				PRODUCT_BUNDLE_IDENTIFIER = com.pfizer.PfizerCustomKeyboard.ZeroDefectsKeyboard;
				PRODUCT_NAME = "$(TARGET_NAME)";
				SKIP_INSTALL = YES;
				SWIFT_VERSION = 4.0;
				TARGETED_DEVICE_FAMILY = "1,2";
			};
			name = Debug;
		};
		558E869720D07ABC005670E8 /* Release */ = {
			isa = XCBuildConfiguration;
			buildSettings = {
				CODE_SIGN_STYLE = Automatic;
				DEVELOPMENT_TEAM = 287TS9B2H2;
				INFOPLIST_FILE = ZeroDefectsKeyboard/Info.plist;
				LD_RUNPATH_SEARCH_PATHS = (
					"$(inherited)",
					"@executable_path/Frameworks",
					"@executable_path/../../Frameworks",
				);
				PRODUCT_BUNDLE_IDENTIFIER = com.pfizer.PfizerCustomKeyboard.ZeroDefectsKeyboard;
				PRODUCT_NAME = "$(TARGET_NAME)";
				SKIP_INSTALL = YES;
				SWIFT_VERSION = 4.0;
				TARGETED_DEVICE_FAMILY = "1,2";
			};
			name = Release;
		};
/* End XCBuildConfiguration section */

/* Begin XCConfigurationList section */
		558E866F20D07A03005670E8 /* Build configuration list for PBXProject "PfizerCustomKeyboard" */ = {
			isa = XCConfigurationList;
			buildConfigurations = (
				558E868420D07A0A005670E8 /* Debug */,
				558E868520D07A0A005670E8 /* Release */,
			);
			defaultConfigurationIsVisible = 0;
			defaultConfigurationName = Release;
		};
		558E868620D07A0A005670E8 /* Build configuration list for PBXNativeTarget "PfizerCustomKeyboard" */ = {
			isa = XCConfigurationList;
			buildConfigurations = (
				558E868720D07A0A005670E8 /* Debug */,
				558E868820D07A0A005670E8 /* Release */,
			);
			defaultConfigurationIsVisible = 0;
			defaultConfigurationName = Release;
		};
		558E869520D07ABC005670E8 /* Build configuration list for PBXNativeTarget "ZeroDefectsKeyboard" */ = {
			isa = XCConfigurationList;
			buildConfigurations = (
				558E869620D07ABC005670E8 /* Debug */,
				558E869720D07ABC005670E8 /* Release */,
			);
			defaultConfigurationIsVisible = 0;
			defaultConfigurationName = Release;
		};
/* End XCConfigurationList section */
	};
	rootObject = 558E866C20D07A03005670E8 /* Project object */;
}
